// !$*UTF8*$!
{
	archiveVersion = 1;
	classes = {
	};
	objectVersion = 46;
	objects = {

/* Begin PBXBuildFile section */
		BEA297F41A9E1EA90023BFC4 /* main.m in Sources */ = {isa = PBXBuildFile; fileRef = BEA297F31A9E1EA90023BFC4 /* main.m */; };
		BEA297F71A9E1EA90023BFC4 /* AppDelegate.m in Sources */ = {isa = PBXBuildFile; fileRef = BEA297F61A9E1EA90023BFC4 /* AppDelegate.m */; };
		BEA297FA1A9E1EA90023BFC4 /* ViewController.m in Sources */ = {isa = PBXBuildFile; fileRef = BEA297F91A9E1EA90023BFC4 /* ViewController.m */; };
		BEA297FD1A9E1EA90023BFC4 /* Main.storyboard in Resources */ = {isa = PBXBuildFile; fileRef = BEA297FB1A9E1EA90023BFC4 /* Main.storyboard */; };
		BEA297FF1A9E1EA90023BFC4 /* Images.xcassets in Resources */ = {isa = PBXBuildFile; fileRef = BEA297FE1A9E1EA90023BFC4 /* Images.xcassets */; };
		BEA298021A9E1EA90023BFC4 /* LaunchScreen.xib in Resources */ = {isa = PBXBuildFile; fileRef = BEA298001A9E1EA90023BFC4 /* LaunchScreen.xib */; };
		BEA2980E1A9E1EA90023BFC4 /* JBInputTableViewTests.m in Sources */ = {isa = PBXBuildFile; fileRef = BEA2980D1A9E1EA90023BFC4 /* JBInputTableViewTests.m */; };
		BEA2981A1A9E1EE20023BFC4 /* JBInputTableView.m in Sources */ = {isa = PBXBuildFile; fileRef = BEA298191A9E1EE20023BFC4 /* JBInputTableView.m */; };
		FEE0EF8E81E72492FC05F85E /* Pods.framework in Frameworks */ = {isa = PBXBuildFile; fileRef = B0F236BD0DC2D4AEB0A5CEA5 /* Pods.framework */; settings = {ATTRIBUTES = (Weak, ); }; };
/* End PBXBuildFile section */

/* Begin PBXContainerItemProxy section */
		BEA298081A9E1EA90023BFC4 /* PBXContainerItemProxy */ = {
			isa = PBXContainerItemProxy;
			containerPortal = BEA297E61A9E1EA80023BFC4 /* Project object */;
			proxyType = 1;
			remoteGlobalIDString = BEA297ED1A9E1EA80023BFC4;
			remoteInfo = JBInputTableView;
		};
/* End PBXContainerItemProxy section */

/* Begin PBXFileReference section */
		121C84B3CB1939FFD5E42992 /* Pods.release.xcconfig */ = {isa = PBXFileReference; includeInIndex = 1; lastKnownFileType = text.xcconfig; name = Pods.release.xcconfig; path = "Pods/Target Support Files/Pods/Pods.release.xcconfig"; sourceTree = "<group>"; };
		B0F236BD0DC2D4AEB0A5CEA5 /* Pods.framework */ = {isa = PBXFileReference; explicitFileType = wrapper.framework; includeInIndex = 0; path = Pods.framework; sourceTree = BUILT_PRODUCTS_DIR; };
		BE3456971A9F16B50084CA2E /* JBInputTableViewDelegate.h */ = {isa = PBXFileReference; fileEncoding = 4; lastKnownFileType = sourcecode.c.h; path = JBInputTableViewDelegate.h; sourceTree = "<group>"; };
		BEA297EE1A9E1EA90023BFC4 /* JBInputTableView.app */ = {isa = PBXFileReference; explicitFileType = wrapper.application; includeInIndex = 0; path = JBInputTableView.app; sourceTree = BUILT_PRODUCTS_DIR; };
		BEA297F21A9E1EA90023BFC4 /* Info.plist */ = {isa = PBXFileReference; lastKnownFileType = text.plist.xml; path = Info.plist; sourceTree = "<group>"; };
		BEA297F31A9E1EA90023BFC4 /* main.m */ = {isa = PBXFileReference; lastKnownFileType = sourcecode.c.objc; path = main.m; sourceTree = "<group>"; };
		BEA297F51A9E1EA90023BFC4 /* AppDelegate.h */ = {isa = PBXFileReference; lastKnownFileType = sourcecode.c.h; path = AppDelegate.h; sourceTree = "<group>"; };
		BEA297F61A9E1EA90023BFC4 /* AppDelegate.m */ = {isa = PBXFileReference; lastKnownFileType = sourcecode.c.objc; path = AppDelegate.m; sourceTree = "<group>"; };
		BEA297F81A9E1EA90023BFC4 /* ViewController.h */ = {isa = PBXFileReference; lastKnownFileType = sourcecode.c.h; path = ViewController.h; sourceTree = "<group>"; };
		BEA297F91A9E1EA90023BFC4 /* ViewController.m */ = {isa = PBXFileReference; lastKnownFileType = sourcecode.c.objc; path = ViewController.m; sourceTree = "<group>"; };
		BEA297FC1A9E1EA90023BFC4 /* Base */ = {isa = PBXFileReference; lastKnownFileType = file.storyboard; name = Base; path = Base.lproj/Main.storyboard; sourceTree = "<group>"; };
		BEA297FE1A9E1EA90023BFC4 /* Images.xcassets */ = {isa = PBXFileReference; lastKnownFileType = folder.assetcatalog; path = Images.xcassets; sourceTree = "<group>"; };
		BEA298011A9E1EA90023BFC4 /* Base */ = {isa = PBXFileReference; lastKnownFileType = file.xib; name = Base; path = Base.lproj/LaunchScreen.xib; sourceTree = "<group>"; };
		BEA298071A9E1EA90023BFC4 /* JBInputTableViewTests.xctest */ = {isa = PBXFileReference; explicitFileType = wrapper.cfbundle; includeInIndex = 0; path = JBInputTableViewTests.xctest; sourceTree = BUILT_PRODUCTS_DIR; };
		BEA2980C1A9E1EA90023BFC4 /* Info.plist */ = {isa = PBXFileReference; lastKnownFileType = text.plist.xml; path = Info.plist; sourceTree = "<group>"; };
		BEA2980D1A9E1EA90023BFC4 /* JBInputTableViewTests.m */ = {isa = PBXFileReference; lastKnownFileType = sourcecode.c.objc; path = JBInputTableViewTests.m; sourceTree = "<group>"; };
		BEA298181A9E1EE20023BFC4 /* JBInputTableView.h */ = {isa = PBXFileReference; fileEncoding = 4; lastKnownFileType = sourcecode.c.h; path = JBInputTableView.h; sourceTree = "<group>"; };
		BEA298191A9E1EE20023BFC4 /* JBInputTableView.m */ = {isa = PBXFileReference; fileEncoding = 4; lastKnownFileType = sourcecode.c.objc; path = JBInputTableView.m; sourceTree = "<group>"; };
		F7DA93407ACD644ADF2CA8F3 /* Pods.debug.xcconfig */ = {isa = PBXFileReference; includeInIndex = 1; lastKnownFileType = text.xcconfig; name = Pods.debug.xcconfig; path = "Pods/Target Support Files/Pods/Pods.debug.xcconfig"; sourceTree = "<group>"; };
/* End PBXFileReference section */

/* Begin PBXFrameworksBuildPhase section */
		BEA297EB1A9E1EA80023BFC4 /* Frameworks */ = {
			isa = PBXFrameworksBuildPhase;
			buildActionMask = 2147483647;
			files = (
				FEE0EF8E81E72492FC05F85E /* Pods.framework in Frameworks */,
			);
			runOnlyForDeploymentPostprocessing = 0;
		};
		BEA298041A9E1EA90023BFC4 /* Frameworks */ = {
			isa = PBXFrameworksBuildPhase;
			buildActionMask = 2147483647;
			files = (
			);
			runOnlyForDeploymentPostprocessing = 0;
		};
/* End PBXFrameworksBuildPhase section */

/* Begin PBXGroup section */
		BDFF4E8D9E6371C302A7B5E3 /* Frameworks */ = {
			isa = PBXGroup;
			children = (
				B0F236BD0DC2D4AEB0A5CEA5 /* Pods.framework */,
			);
			name = Frameworks;
			sourceTree = "<group>";
		};
		BEA297E51A9E1EA80023BFC4 = {
			isa = PBXGroup;
			children = (
				BEA297F01A9E1EA90023BFC4 /* JBInputTableView */,
				BEA2980A1A9E1EA90023BFC4 /* JBInputTableViewTests */,
				BEA297EF1A9E1EA90023BFC4 /* Products */,
				D37FB89947443C6521C8A484 /* Pods */,
				BDFF4E8D9E6371C302A7B5E3 /* Frameworks */,
			);
			sourceTree = "<group>";
		};
		BEA297EF1A9E1EA90023BFC4 /* Products */ = {
			isa = PBXGroup;
			children = (
				BEA297EE1A9E1EA90023BFC4 /* JBInputTableView.app */,
				BEA298071A9E1EA90023BFC4 /* JBInputTableViewTests.xctest */,
			);
			name = Products;
			sourceTree = "<group>";
		};
		BEA297F01A9E1EA90023BFC4 /* JBInputTableView */ = {
			isa = PBXGroup;
			children = (
				BEA298171A9E1EC30023BFC4 /* JBInputTableView */,
				BEA297F51A9E1EA90023BFC4 /* AppDelegate.h */,
				BEA297F61A9E1EA90023BFC4 /* AppDelegate.m */,
				BEA297F81A9E1EA90023BFC4 /* ViewController.h */,
				BEA297F91A9E1EA90023BFC4 /* ViewController.m */,
				BEA297FB1A9E1EA90023BFC4 /* Main.storyboard */,
				BEA297FE1A9E1EA90023BFC4 /* Images.xcassets */,
				BEA298001A9E1EA90023BFC4 /* LaunchScreen.xib */,
				BEA297F11A9E1EA90023BFC4 /* Supporting Files */,
			);
			path = JBInputTableView;
			sourceTree = "<group>";
		};
		BEA297F11A9E1EA90023BFC4 /* Supporting Files */ = {
			isa = PBXGroup;
			children = (
				BEA297F21A9E1EA90023BFC4 /* Info.plist */,
				BEA297F31A9E1EA90023BFC4 /* main.m */,
			);
			name = "Supporting Files";
			sourceTree = "<group>";
		};
		BEA2980A1A9E1EA90023BFC4 /* JBInputTableViewTests */ = {
			isa = PBXGroup;
			children = (
				BEA2980D1A9E1EA90023BFC4 /* JBInputTableViewTests.m */,
				BEA2980B1A9E1EA90023BFC4 /* Supporting Files */,
			);
			path = JBInputTableViewTests;
			sourceTree = "<group>";
		};
		BEA2980B1A9E1EA90023BFC4 /* Supporting Files */ = {
			isa = PBXGroup;
			children = (
				BEA2980C1A9E1EA90023BFC4 /* Info.plist */,
			);
			name = "Supporting Files";
			sourceTree = "<group>";
		};
		BEA298171A9E1EC30023BFC4 /* JBInputTableView */ = {
			isa = PBXGroup;
			children = (
				BEA298181A9E1EE20023BFC4 /* JBInputTableView.h */,
				BEA298191A9E1EE20023BFC4 /* JBInputTableView.m */,
				BE3456971A9F16B50084CA2E /* JBInputTableViewDelegate.h */,
			);
			path = JBInputTableView;
			sourceTree = "<group>";
		};
		D37FB89947443C6521C8A484 /* Pods */ = {
			isa = PBXGroup;
			children = (
				F7DA93407ACD644ADF2CA8F3 /* Pods.debug.xcconfig */,
				121C84B3CB1939FFD5E42992 /* Pods.release.xcconfig */,
			);
			name = Pods;
			sourceTree = "<group>";
		};
/* End PBXGroup section */

/* Begin PBXNativeTarget section */
		BEA297ED1A9E1EA80023BFC4 /* JBInputTableView */ = {
			isa = PBXNativeTarget;
			buildConfigurationList = BEA298111A9E1EA90023BFC4 /* Build configuration list for PBXNativeTarget "JBInputTableView" */;
			buildPhases = (
				BD0ECEB6E3B51333E333894D /* Check Pods Manifest.lock */,
				BEA297EA1A9E1EA80023BFC4 /* Sources */,
				BEA297EB1A9E1EA80023BFC4 /* Frameworks */,
				BEA297EC1A9E1EA80023BFC4 /* Resources */,
				627E3D6BBFF94BF180A89B80 /* Copy Pods Resources */,
				8ACB44268A64651321822E2C /* Embed Pods Frameworks */,
			);
			buildRules = (
			);
			dependencies = (
			);
			name = JBInputTableView;
			productName = JBInputTableView;
			productReference = BEA297EE1A9E1EA90023BFC4 /* JBInputTableView.app */;
			productType = "com.apple.product-type.application";
		};
		BEA298061A9E1EA90023BFC4 /* JBInputTableViewTests */ = {
			isa = PBXNativeTarget;
			buildConfigurationList = BEA298141A9E1EA90023BFC4 /* Build configuration list for PBXNativeTarget "JBInputTableViewTests" */;
			buildPhases = (
				BEA298031A9E1EA90023BFC4 /* Sources */,
				BEA298041A9E1EA90023BFC4 /* Frameworks */,
				BEA298051A9E1EA90023BFC4 /* Resources */,
			);
			buildRules = (
			);
			dependencies = (
				BEA298091A9E1EA90023BFC4 /* PBXTargetDependency */,
			);
			name = JBInputTableViewTests;
			productName = JBInputTableViewTests;
			productReference = BEA298071A9E1EA90023BFC4 /* JBInputTableViewTests.xctest */;
			productType = "com.apple.product-type.bundle.unit-test";
		};
/* End PBXNativeTarget section */

/* Begin PBXProject section */
		BEA297E61A9E1EA80023BFC4 /* Project object */ = {
			isa = PBXProject;
			attributes = {
				LastUpgradeCheck = 0610;
				ORGANIZATIONNAME = "Clover-Studio";
				TargetAttributes = {
					BEA297ED1A9E1EA80023BFC4 = {
						CreatedOnToolsVersion = 6.1.1;
					};
					BEA298061A9E1EA90023BFC4 = {
						CreatedOnToolsVersion = 6.1.1;
						TestTargetID = BEA297ED1A9E1EA80023BFC4;
					};
				};
			};
			buildConfigurationList = BEA297E91A9E1EA80023BFC4 /* Build configuration list for PBXProject "JBInputTableView" */;
			compatibilityVersion = "Xcode 3.2";
			developmentRegion = English;
			hasScannedForEncodings = 0;
			knownRegions = (
				en,
				Base,
			);
			mainGroup = BEA297E51A9E1EA80023BFC4;
			productRefGroup = BEA297EF1A9E1EA90023BFC4 /* Products */;
			projectDirPath = "";
			projectRoot = "";
			targets = (
				BEA297ED1A9E1EA80023BFC4 /* JBInputTableView */,
				BEA298061A9E1EA90023BFC4 /* JBInputTableViewTests */,
			);
		};
/* End PBXProject section */

/* Begin PBXResourcesBuildPhase section */
		BEA297EC1A9E1EA80023BFC4 /* Resources */ = {
			isa = PBXResourcesBuildPhase;
			buildActionMask = 2147483647;
			files = (
				BEA297FD1A9E1EA90023BFC4 /* Main.storyboard in Resources */,
				BEA298021A9E1EA90023BFC4 /* LaunchScreen.xib in Resources */,
				BEA297FF1A9E1EA90023BFC4 /* Images.xcassets in Resources */,
			);
			runOnlyForDeploymentPostprocessing = 0;
		};
		BEA298051A9E1EA90023BFC4 /* Resources */ = {
			isa = PBXResourcesBuildPhase;
			buildActionMask = 2147483647;
			files = (
			);
			runOnlyForDeploymentPostprocessing = 0;
		};
/* End PBXResourcesBuildPhase section */

/* Begin PBXShellScriptBuildPhase section */
		627E3D6BBFF94BF180A89B80 /* Copy Pods Resources */ = {
			isa = PBXShellScriptBuildPhase;
			buildActionMask = 2147483647;
			files = (
			);
			inputPaths = (
			);
			name = "Copy Pods Resources";
			outputPaths = (
			);
			runOnlyForDeploymentPostprocessing = 0;
			shellPath = /bin/sh;
			shellScript = "\"${SRCROOT}/Pods/Target Support Files/Pods/Pods-resources.sh\"\n";
			showEnvVarsInLog = 0;
		};
		8ACB44268A64651321822E2C /* Embed Pods Frameworks */ = {
			isa = PBXShellScriptBuildPhase;
			buildActionMask = 2147483647;
			files = (
			);
			inputPaths = (
			);
			name = "Embed Pods Frameworks";
			outputPaths = (
			);
			runOnlyForDeploymentPostprocessing = 0;
			shellPath = /bin/sh;
			shellScript = "\"${SRCROOT}/Pods/Target Support Files/Pods/Pods-frameworks.sh\"\n";
			showEnvVarsInLog = 0;
		};
		BD0ECEB6E3B51333E333894D /* Check Pods Manifest.lock */ = {
			isa = PBXShellScriptBuildPhase;
			buildActionMask = 2147483647;
			files = (
			);
			inputPaths = (
			);
			name = "Check Pods Manifest.lock";
			outputPaths = (
			);
			runOnlyForDeploymentPostprocessing = 0;
			shellPath = /bin/sh;
			shellScript = "diff \"${PODS_ROOT}/../Podfile.lock\" \"${PODS_ROOT}/Manifest.lock\" > /dev/null\nif [[ $? != 0 ]] ; then\n    cat << EOM\nerror: The sandbox is not in sync with the Podfile.lock. Run 'pod install' or update your CocoaPods installation.\nEOM\n    exit 1\nfi\n";
			showEnvVarsInLog = 0;
		};
/* End PBXShellScriptBuildPhase section */

/* Begin PBXSourcesBuildPhase section */
		BEA297EA1A9E1EA80023BFC4 /* Sources */ = {
			isa = PBXSourcesBuildPhase;
			buildActionMask = 2147483647;
			files = (
				BEA2981A1A9E1EE20023BFC4 /* JBInputTableView.m in Sources */,
				BEA297FA1A9E1EA90023BFC4 /* ViewController.m in Sources */,
				BEA297F71A9E1EA90023BFC4 /* AppDelegate.m in Sources */,
				BEA297F41A9E1EA90023BFC4 /* main.m in Sources */,
			);
			runOnlyForDeploymentPostprocessing = 0;
		};
		BEA298031A9E1EA90023BFC4 /* Sources */ = {
			isa = PBXSourcesBuildPhase;
			buildActionMask = 2147483647;
			files = (
				BEA2980E1A9E1EA90023BFC4 /* JBInputTableViewTests.m in Sources */,
			);
			runOnlyForDeploymentPostprocessing = 0;
		};
/* End PBXSourcesBuildPhase section */

/* Begin PBXTargetDependency section */
		BEA298091A9E1EA90023BFC4 /* PBXTargetDependency */ = {
			isa = PBXTargetDependency;
			target = BEA297ED1A9E1EA80023BFC4 /* JBInputTableView */;
			targetProxy = BEA298081A9E1EA90023BFC4 /* PBXContainerItemProxy */;
		};
/* End PBXTargetDependency section */

/* Begin PBXVariantGroup section */
		BEA297FB1A9E1EA90023BFC4 /* Main.storyboard */ = {
			isa = PBXVariantGroup;
			children = (
				BEA297FC1A9E1EA90023BFC4 /* Base */,
			);
			name = Main.storyboard;
			sourceTree = "<group>";
		};
		BEA298001A9E1EA90023BFC4 /* LaunchScreen.xib */ = {
			isa = PBXVariantGroup;
			children = (
				BEA298011A9E1EA90023BFC4 /* Base */,
			);
			name = LaunchScreen.xib;
			sourceTree = "<group>";
		};
/* End PBXVariantGroup section */

/* Begin XCBuildConfiguration section */
		BEA2980F1A9E1EA90023BFC4 /* Debug */ = {
			isa = XCBuildConfiguration;
			buildSettings = {
				ALWAYS_SEARCH_USER_PATHS = NO;
				CLANG_CXX_LANGUAGE_STANDARD = "gnu++0x";
				CLANG_CXX_LIBRARY = "libc++";
				CLANG_ENABLE_MODULES = YES;
				CLANG_ENABLE_OBJC_ARC = YES;
				CLANG_WARN_BOOL_CONVERSION = YES;
				CLANG_WARN_CONSTANT_CONVERSION = YES;
				CLANG_WARN_DIRECT_OBJC_ISA_USAGE = YES_ERROR;
				CLANG_WARN_EMPTY_BODY = YES;
				CLANG_WARN_ENUM_CONVERSION = YES;
				CLANG_WARN_INT_CONVERSION = YES;
				CLANG_WARN_OBJC_ROOT_CLASS = YES_ERROR;
				CLANG_WARN_UNREACHABLE_CODE = YES;
				CLANG_WARN__DUPLICATE_METHOD_MATCH = YES;
				"CODE_SIGN_IDENTITY[sdk=iphoneos*]" = "iPhone Developer";
				COPY_PHASE_STRIP = NO;
				ENABLE_STRICT_OBJC_MSGSEND = YES;
				GCC_C_LANGUAGE_STANDARD = gnu99;
				GCC_DYNAMIC_NO_PIC = NO;
				GCC_OPTIMIZATION_LEVEL = 0;
				GCC_PREPROCESSOR_DEFINITIONS = (
					"DEBUG=1",
					"$(inherited)",
				);
				GCC_SYMBOLS_PRIVATE_EXTERN = NO;
				GCC_WARN_64_TO_32_BIT_CONVERSION = YES;
				GCC_WARN_ABOUT_RETURN_TYPE = YES_ERROR;
				GCC_WARN_UNDECLARED_SELECTOR = YES;
				GCC_WARN_UNINITIALIZED_AUTOS = YES_AGGRESSIVE;
				GCC_WARN_UNUSED_FUNCTION = YES;
				GCC_WARN_UNUSED_VARIABLE = YES;
				IPHONEOS_DEPLOYMENT_TARGET = 8.1;
				MTL_ENABLE_DEBUG_INFO = YES;
				ONLY_ACTIVE_ARCH = YES;
				SDKROOT = iphoneos;
			};
			name = Debug;
		};
		BEA298101A9E1EA90023BFC4 /* Release */ = {
			isa = XCBuildConfiguration;
			buildSettings = {
				ALWAYS_SEARCH_USER_PATHS = NO;
				CLANG_CXX_LANGUAGE_STANDARD = "gnu++0x";
				CLANG_CXX_LIBRARY = "libc++";
				CLANG_ENABLE_MODULES = YES;
				CLANG_ENABLE_OBJC_ARC = YES;
				CLANG_WARN_BOOL_CONVERSION = YES;
				CLANG_WARN_CONSTANT_CONVERSION = YES;
				CLANG_WARN_DIRECT_OBJC_ISA_USAGE = YES_ERROR;
				CLANG_WARN_EMPTY_BODY = YES;
				CLANG_WARN_ENUM_CONVERSION = YES;
				CLANG_WARN_INT_CONVERSION = YES;
				CLANG_WARN_OBJC_ROOT_CLASS = YES_ERROR;
				CLANG_WARN_UNREACHABLE_CODE = YES;
				CLANG_WARN__DUPLICATE_METHOD_MATCH = YES;
				"CODE_SIGN_IDENTITY[sdk=iphoneos*]" = "iPhone Developer";
				COPY_PHASE_STRIP = YES;
				ENABLE_NS_ASSERTIONS = NO;
				ENABLE_STRICT_OBJC_MSGSEND = YES;
				GCC_C_LANGUAGE_STANDARD = gnu99;
				GCC_WARN_64_TO_32_BIT_CONVERSION = YES;
				GCC_WARN_ABOUT_RETURN_TYPE = YES_ERROR;
				GCC_WARN_UNDECLARED_SELECTOR = YES;
				GCC_WARN_UNINITIALIZED_AUTOS = YES_AGGRESSIVE;
				GCC_WARN_UNUSED_FUNCTION = YES;
				GCC_WARN_UNUSED_VARIABLE = YES;
				IPHONEOS_DEPLOYMENT_TARGET = 8.1;
				MTL_ENABLE_DEBUG_INFO = NO;
				SDKROOT = iphoneos;
				VALIDATE_PRODUCT = YES;
			};
			name = Release;
		};
		BEA298121A9E1EA90023BFC4 /* Debug */ = {
			isa = XCBuildConfiguration;
			baseConfigurationReference = F7DA93407ACD644ADF2CA8F3 /* Pods.debug.xcconfig */;
			buildSettings = {
				ASSETCATALOG_COMPILER_APPICON_NAME = AppIcon;
				INFOPLIST_FILE = JBInputTableView/Info.plist;
				LD_RUNPATH_SEARCH_PATHS = "$(inherited) @executable_path/Frameworks";
				PRODUCT_NAME = "$(TARGET_NAME)";
			};
			name = Debug;
		};
		BEA298131A9E1EA90023BFC4 /* Release */ = {
			isa = XCBuildConfiguration;
			baseConfigurationReference = 121C84B3CB1939FFD5E42992 /* Pods.release.xcconfig */;
			buildSettings = {
				ASSETCATALOG_COMPILER_APPICON_NAME = AppIcon;
				INFOPLIST_FILE = JBInputTableView/Info.plist;
				LD_RUNPATH_SEARCH_PATHS = "$(inherited) @executable_path/Frameworks";
				PRODUCT_NAME = "$(TARGET_NAME)";
			};
			name = Release;
		};
		BEA298151A9E1EA90023BFC4 /* Debug */ = {
			isa = XCBuildConfiguration;
			buildSettings = {
				BUNDLE_LOADER = "$(TEST_HOST)";
				FRAMEWORK_SEARCH_PATHS = (
					"$(SDKROOT)/Developer/Library/Frameworks",
					"$(inherited)",
				);
				GCC_PREPROCESSOR_DEFINITIONS = (
					"DEBUG=1",
					"$(inherited)",
				);
				INFOPLIST_FILE = JBInputTableViewTests/Info.plist;
				LD_RUNPATH_SEARCH_PATHS = "$(inherited) @executable_path/Frameworks @loader_path/Frameworks";
				PRODUCT_NAME = "$(TARGET_NAME)";
				TEST_HOST = "$(BUILT_PRODUCTS_DIR)/JBInputTableView.app/JBInputTableView";
			};
			name = Debug;
		};
		BEA298161A9E1EA90023BFC4 /* Release */ = {
			isa = XCBuildConfiguration;
			buildSettings = {
				BUNDLE_LOADER = "$(TEST_HOST)";
				FRAMEWORK_SEARCH_PATHS = (
					"$(SDKROOT)/Developer/Library/Frameworks",
					"$(inherited)",
				);
				INFOPLIST_FILE = JBInputTableViewTests/Info.plist;
				LD_RUNPATH_SEARCH_PATHS = "$(inherited) @executable_path/Frameworks @loader_path/Frameworks";
				PRODUCT_NAME = "$(TARGET_NAME)";
				TEST_HOST = "$(BUILT_PRODUCTS_DIR)/JBInputTableView.app/JBInputTableView";
			};
			name = Release;
		};
/* End XCBuildConfiguration section */

/* Begin XCConfigurationList section */
		BEA297E91A9E1EA80023BFC4 /* Build configuration list for PBXProject "JBInputTableView" */ = {
			isa = XCConfigurationList;
			buildConfigurations = (
				BEA2980F1A9E1EA90023BFC4 /* Debug */,
				BEA298101A9E1EA90023BFC4 /* Release */,
			);
			defaultConfigurationIsVisible = 0;
			defaultConfigurationName = Release;
		};
		BEA298111A9E1EA90023BFC4 /* Build configuration list for PBXNativeTarget "JBInputTableView" */ = {
			isa = XCConfigurationList;
			buildConfigurations = (
				BEA298121A9E1EA90023BFC4 /* Debug */,
				BEA298131A9E1EA90023BFC4 /* Release */,
			);
			defaultConfigurationIsVisible = 0;
			defaultConfigurationName = Release;
		};
		BEA298141A9E1EA90023BFC4 /* Build configuration list for PBXNativeTarget "JBInputTableViewTests" */ = {
			isa = XCConfigurationList;
			buildConfigurations = (
				BEA298151A9E1EA90023BFC4 /* Debug */,
				BEA298161A9E1EA90023BFC4 /* Release */,
			);
			defaultConfigurationIsVisible = 0;
			defaultConfigurationName = Release;
		};
/* End XCConfigurationList section */
	};
	rootObject = BEA297E61A9E1EA80023BFC4 /* Project object */;
}
